// !$*UTF8*$!
{
	archiveVersion = 1;
	classes = {
	};
	objectVersion = 46;
	objects = {

/* Begin PBXBuildFile section */
		299C128C1C7DD6E20038795E /* AppKit.framework in Frameworks */ = {isa = PBXBuildFile; fileRef = 299C128B1C7DD6E20038795E /* AppKit.framework */; };
		299C128E1C7DD6E20038795E /* Foundation.framework in Frameworks */ = {isa = PBXBuildFile; fileRef = 299C128D1C7DD6E20038795E /* Foundation.framework */; };
		299C12921C7DD6E20038795E /* KWCodecer.xcscheme in Resources */ = {isa = PBXBuildFile; fileRef = 299C12911C7DD6E20038795E /* KWCodecer.xcscheme */; };
		299C12951C7DD6E20038795E /* KWCodecer.m in Sources */ = {isa = PBXBuildFile; fileRef = 299C12941C7DD6E20038795E /* KWCodecer.m */; };
		299C12981C7DD6E20038795E /* NSObject_Extension.m in Sources */ = {isa = PBXBuildFile; fileRef = 299C12971C7DD6E20038795E /* NSObject_Extension.m */; };
/* End PBXBuildFile section */

/* Begin PBXFileReference section */
		299C12881C7DD6E20038795E /* KWCodecer.xcplugin */ = {isa = PBXFileReference; explicitFileType = wrapper.cfbundle; includeInIndex = 0; path = KWCodecer.xcplugin; sourceTree = BUILT_PRODUCTS_DIR; };
		299C128B1C7DD6E20038795E /* AppKit.framework */ = {isa = PBXFileReference; lastKnownFileType = wrapper.framework; name = AppKit.framework; path = /System/Library/Frameworks/AppKit.framework; sourceTree = "<absolute>"; };
		299C128D1C7DD6E20038795E /* Foundation.framework */ = {isa = PBXFileReference; lastKnownFileType = wrapper.framework; name = Foundation.framework; path = /System/Library/Frameworks/Foundation.framework; sourceTree = "<absolute>"; };
		299C12911C7DD6E20038795E /* KWCodecer.xcscheme */ = {isa = PBXFileReference; lastKnownFileType = text.xml; name = KWCodecer.xcscheme; path = KWCodecer.xcodeproj/xcshareddata/xcschemes/KWCodecer.xcscheme; sourceTree = SOURCE_ROOT; };
		299C12931C7DD6E20038795E /* KWCodecer.h */ = {isa = PBXFileReference; lastKnownFileType = sourcecode.c.h; path = KWCodecer.h; sourceTree = "<group>"; };
		299C12941C7DD6E20038795E /* KWCodecer.m */ = {isa = PBXFileReference; lastKnownFileType = sourcecode.c.objc; path = KWCodecer.m; sourceTree = "<group>"; };
		299C12961C7DD6E20038795E /* NSObject_Extension.h */ = {isa = PBXFileReference; lastKnownFileType = sourcecode.c.h; path = NSObject_Extension.h; sourceTree = "<group>"; };
		299C12971C7DD6E20038795E /* NSObject_Extension.m */ = {isa = PBXFileReference; lastKnownFileType = sourcecode.c.objc; path = NSObject_Extension.m; sourceTree = "<group>"; };
		299C12991C7DD6E20038795E /* Info.plist */ = {isa = PBXFileReference; lastKnownFileType = text.plist.xml; path = Info.plist; sourceTree = "<group>"; };
/* End PBXFileReference section */

/* Begin PBXFrameworksBuildPhase section */
		299C12861C7DD6E20038795E /* Frameworks */ = {
			isa = PBXFrameworksBuildPhase;
			buildActionMask = 2147483647;
			files = (
				299C128C1C7DD6E20038795E /* AppKit.framework in Frameworks */,
				299C128E1C7DD6E20038795E /* Foundation.framework in Frameworks */,
			);
			runOnlyForDeploymentPostprocessing = 0;
		};
/* End PBXFrameworksBuildPhase section */

/* Begin PBXGroup section */
		299C127F1C7DD6E20038795E = {
			isa = PBXGroup;
			children = (
				299C128F1C7DD6E20038795E /* KWCodecer */,
				299C128A1C7DD6E20038795E /* Frameworks */,
				299C12891C7DD6E20038795E /* Products */,
			);
			sourceTree = "<group>";
		};
		299C12891C7DD6E20038795E /* Products */ = {
			isa = PBXGroup;
			children = (
				299C12881C7DD6E20038795E /* KWCodecer.xcplugin */,
			);
			name = Products;
			sourceTree = "<group>";
		};
		299C128A1C7DD6E20038795E /* Frameworks */ = {
			isa = PBXGroup;
			children = (
				299C128B1C7DD6E20038795E /* AppKit.framework */,
				299C128D1C7DD6E20038795E /* Foundation.framework */,
			);
			name = Frameworks;
			sourceTree = "<group>";
		};
		299C128F1C7DD6E20038795E /* KWCodecer */ = {
			isa = PBXGroup;
			children = (
				299C12931C7DD6E20038795E /* KWCodecer.h */,
				299C12941C7DD6E20038795E /* KWCodecer.m */,
				299C12961C7DD6E20038795E /* NSObject_Extension.h */,
				299C12971C7DD6E20038795E /* NSObject_Extension.m */,
				299C12991C7DD6E20038795E /* Info.plist */,
				299C12901C7DD6E20038795E /* Supporting Files */,
			);
			path = KWCodecer;
			sourceTree = "<group>";
		};
		299C12901C7DD6E20038795E /* Supporting Files */ = {
			isa = PBXGroup;
			children = (
				299C12911C7DD6E20038795E /* KWCodecer.xcscheme */,
			);
			name = "Supporting Files";
			sourceTree = "<group>";
		};
/* End PBXGroup section */

/* Begin PBXNativeTarget section */
		299C12871C7DD6E20038795E /* KWCodecer */ = {
			isa = PBXNativeTarget;
			buildConfigurationList = 299C129C1C7DD6E20038795E /* Build configuration list for PBXNativeTarget "KWCodecer" */;
			buildPhases = (
				299C12841C7DD6E20038795E /* Sources */,
				299C12851C7DD6E20038795E /* Resources */,
				299C12861C7DD6E20038795E /* Frameworks */,
			);
			buildRules = (
			);
			dependencies = (
			);
			name = KWCodecer;
			productName = KWCodecer;
			productReference = 299C12881C7DD6E20038795E /* KWCodecer.xcplugin */;
			productType = "com.apple.product-type.bundle";
		};
/* End PBXNativeTarget section */

/* Begin PBXProject section */
		299C12801C7DD6E20038795E /* Project object */ = {
			isa = PBXProject;
			attributes = {
				LastUpgradeCheck = 0720;
				ORGANIZATIONNAME = KyleWong;
				TargetAttributes = {
					299C12871C7DD6E20038795E = {
						CreatedOnToolsVersion = 7.2.1;
					};
				};
			};
			buildConfigurationList = 299C12831C7DD6E20038795E /* Build configuration list for PBXProject "KWCodecer" */;
			compatibilityVersion = "Xcode 3.2";
			developmentRegion = English;
			hasScannedForEncodings = 0;
			knownRegions = (
				en,
			);
			mainGroup = 299C127F1C7DD6E20038795E;
			productRefGroup = 299C12891C7DD6E20038795E /* Products */;
			projectDirPath = "";
			projectRoot = "";
			targets = (
				299C12871C7DD6E20038795E /* KWCodecer */,
			);
		};
/* End PBXProject section */

/* Begin PBXResourcesBuildPhase section */
		299C12851C7DD6E20038795E /* Resources */ = {
			isa = PBXResourcesBuildPhase;
			buildActionMask = 2147483647;
			files = (
				299C12921C7DD6E20038795E /* KWCodecer.xcscheme in Resources */,
			);
			runOnlyForDeploymentPostprocessing = 0;
		};
/* End PBXResourcesBuildPhase section */

/* Begin PBXSourcesBuildPhase section */
		299C12841C7DD6E20038795E /* Sources */ = {
			isa = PBXSourcesBuildPhase;
			buildActionMask = 2147483647;
			files = (
				299C12951C7DD6E20038795E /* KWCodecer.m in Sources */,
				299C12981C7DD6E20038795E /* NSObject_Extension.m in Sources */,
			);
			runOnlyForDeploymentPostprocessing = 0;
		};
/* End PBXSourcesBuildPhase section */

/* Begin XCBuildConfiguration section */
		299C129A1C7DD6E20038795E /* Debug */ = {
			isa = XCBuildConfiguration;
			buildSettings = {
				ALWAYS_SEARCH_USER_PATHS = NO;
				CLANG_CXX_LANGUAGE_STANDARD = "gnu++0x";
				CLANG_CXX_LIBRARY = "libc++";
				CLANG_ENABLE_MODULES = YES;
				CLANG_ENABLE_OBJC_ARC = YES;
				CLANG_WARN_BOOL_CONVERSION = YES;
				CLANG_WARN_CONSTANT_CONVERSION = YES;
				CLANG_WARN_DIRECT_OBJC_ISA_USAGE = YES_ERROR;
				CLANG_WARN_EMPTY_BODY = YES;
				CLANG_WARN_ENUM_CONVERSION = YES;
				CLANG_WARN_INT_CONVERSION = YES;
				CLANG_WARN_OBJC_ROOT_CLASS = YES_ERROR;
				CLANG_WARN_UNREACHABLE_CODE = YES;
				CLANG_WARN__DUPLICATE_METHOD_MATCH = YES;
				COPY_PHASE_STRIP = NO;
				DEBUG_INFORMATION_FORMAT = dwarf;
				ENABLE_STRICT_OBJC_MSGSEND = YES;
				ENABLE_TESTABILITY = YES;
				GCC_C_LANGUAGE_STANDARD = gnu99;
				GCC_DYNAMIC_NO_PIC = NO;
				GCC_NO_COMMON_BLOCKS = YES;
				GCC_OPTIMIZATION_LEVEL = 0;
				GCC_PREPROCESSOR_DEFINITIONS = (
					"DEBUG=1",
					"$(inherited)",
				);
				GCC_WARN_64_TO_32_BIT_CONVERSION = YES;
				GCC_WARN_ABOUT_RETURN_TYPE = YES_ERROR;
				GCC_WARN_UNDECLARED_SELECTOR = YES;
				GCC_WARN_UNINITIALIZED_AUTOS = YES_AGGRESSIVE;
				GCC_WARN_UNUSED_FUNCTION = YES;
				GCC_WARN_UNUSED_VARIABLE = YES;
				MTL_ENABLE_DEBUG_INFO = YES;
				ONLY_ACTIVE_ARCH = YES;
			};
			name = Debug;
		};
		299C129B1C7DD6E20038795E /* Release */ = {
			isa = XCBuildConfiguration;
			buildSettings = {
				ALWAYS_SEARCH_USER_PATHS = NO;
				CLANG_CXX_LANGUAGE_STANDARD = "gnu++0x";
				CLANG_CXX_LIBRARY = "libc++";
				CLANG_ENABLE_MODULES = YES;
				CLANG_ENABLE_OBJC_ARC = YES;
				CLANG_WARN_BOOL_CONVERSION = YES;
				CLANG_WARN_CONSTANT_CONVERSION = YES;
				CLANG_WARN_DIRECT_OBJC_ISA_USAGE = YES_ERROR;
				CLANG_WARN_EMPTY_BODY = YES;
				CLANG_WARN_ENUM_CONVERSION = YES;
				CLANG_WARN_INT_CONVERSION = YES;
				CLANG_WARN_OBJC_ROOT_CLASS = YES_ERROR;
				CLANG_WARN_UNREACHABLE_CODE = YES;
				CLANG_WARN__DUPLICATE_METHOD_MATCH = YES;
				COPY_PHASE_STRIP = NO;
				DEBUG_INFORMATION_FORMAT = "dwarf-with-dsym";
				ENABLE_NS_ASSERTIONS = NO;
				ENABLE_STRICT_OBJC_MSGSEND = YES;
				GCC_C_LANGUAGE_STANDARD = gnu99;
				GCC_NO_COMMON_BLOCKS = YES;
				GCC_WARN_64_TO_32_BIT_CONVERSION = YES;
				GCC_WARN_ABOUT_RETURN_TYPE = YES_ERROR;
				GCC_WARN_UNDECLARED_SELECTOR = YES;
				GCC_WARN_UNINITIALIZED_AUTOS = YES_AGGRESSIVE;
				GCC_WARN_UNUSED_FUNCTION = YES;
				GCC_WARN_UNUSED_VARIABLE = YES;
				MTL_ENABLE_DEBUG_INFO = NO;
			};
			name = Release;
		};
		299C129D1C7DD6E20038795E /* Debug */ = {
			isa = XCBuildConfiguration;
			buildSettings = {
				COMBINE_HIDPI_IMAGES = YES;
				DEPLOYMENT_LOCATION = YES;
				DSTROOT = "$(HOME)";
				INFOPLIST_FILE = KWCodecer/Info.plist;
				INSTALL_PATH = "/Library/Application Support/Developer/Shared/Xcode/Plug-ins";
				MACOSX_DEPLOYMENT_TARGET = 10.11;
				PRODUCT_BUNDLE_IDENTIFIER = com.virtualvilliage.KWCodecer;
				PRODUCT_NAME = "$(TARGET_NAME)";
				WRAPPER_EXTENSION = xcplugin;
			};
			name = Debug;
		};
		299C129E1C7DD6E20038795E /* Release */ = {
			isa = XCBuildConfiguration;
			buildSettings = {
				COMBINE_HIDPI_IMAGES = YES;
				DEPLOYMENT_LOCATION = YES;
				DSTROOT = "$(HOME)";
				INFOPLIST_FILE = KWCodecer/Info.plist;
				INSTALL_PATH = "/Library/Application Support/Developer/Shared/Xcode/Plug-ins";
				MACOSX_DEPLOYMENT_TARGET = 10.11;
				PRODUCT_BUNDLE_IDENTIFIER = com.virtualvilliage.KWCodecer;
				PRODUCT_NAME = "$(TARGET_NAME)";
				WRAPPER_EXTENSION = xcplugin;
			};
			name = Release;
		};
/* End XCBuildConfiguration section */

/* Begin XCConfigurationList section */
		299C12831C7DD6E20038795E /* Build configuration list for PBXProject "KWCodecer" */ = {
			isa = XCConfigurationList;
			buildConfigurations = (
				299C129A1C7DD6E20038795E /* Debug */,
				299C129B1C7DD6E20038795E /* Release */,
			);
			defaultConfigurationIsVisible = 0;
			defaultConfigurationName = Release;
		};
		299C129C1C7DD6E20038795E /* Build configuration list for PBXNativeTarget "KWCodecer" */ = {
			isa = XCConfigurationList;
			buildConfigurations = (
				299C129D1C7DD6E20038795E /* Debug */,
				299C129E1C7DD6E20038795E /* Release */,
			);
			defaultConfigurationIsVisible = 0;
		};
/* End XCConfigurationList section */
	};
	rootObject = 299C12801C7DD6E20038795E /* Project object */;
}
